{
  "name": "fm-questionniare-data-viewer",
  "lockfileVersion": 3,
  "requires": true,
  "packages": {
    "": {
      "dependencies": {
        "dompurify": "^3.0.6"
      }
    },
    "node_modules/dompurify": {
      "version": "3.0.6",
      "resolved": "https://registry.npmjs.org/dompurify/-/dompurify-3.0.6.tgz",
      "integrity": "sha512-ilkD8YEnnGh1zJ240uJsW7AzE+2qpbOUYjacomn3AvJ6J4JhKGSZ2nh4wUIXPZrEPppaCLx5jFe8T89Rk8tQ7w=="
    }
  }
}
